
Microsoft Visual Studio Solution File, Format Version 12.00
# Visual Studio Version 17
VisualStudioVersion = 17.5.002.0
MinimumVisualStudioVersion = 10.0.40219.1
Project("{2150E333-8FDC-42A3-9474-1A3956D46DE8}") = "Assignments", "Assignments", "{EA0C9B2B-1CF5-4D01-94C7-5CDF7A92420C}"
EndProject
Project("{9A19103F-16F7-4668-BE54-9A1E7A4F7556}") = "Arrays", "Assignments\Arrays\Arrays.csproj", "{5D5D6A08-106F-4E66-82A9-940E03828DB5}"
EndProject
Project("{9A19103F-16F7-4668-BE54-9A1E7A4F7556}") = "AvoidBoxing", "Assignments\AvoidBoxing\AvoidBoxing.csproj", "{49095393-34F9-43B6-A565-D26FBCCB2C6A}"
EndProject
Project("{9A19103F-16F7-4668-BE54-9A1E7A4F7556}") = "Caching", "Assignments\Caching\Caching.csproj", "{40AB0974-C6E4-41C4-A6DD-5F3E1C9E2D69}"
EndProject
Project("{9A19103F-16F7-4668-BE54-9A1E7A4F7556}") = "CopyMemory", "Assignments\CopyMemory\CopyMemory.csproj", "{FC0B8E3B-E500-417C-AB3E-FEE5A3FE4F7A}"
EndProject
Project("{9A19103F-16F7-4668-BE54-9A1E7A4F7556}") = "Delegates", "Assignments\Delegates\Delegates.csproj", "{B7404580-41ED-4548-A87E-4D8B8EFFA179}"
EndProject
Project("{9A19103F-16F7-4668-BE54-9A1E7A4F7556}") = "Dispose", "Assignments\Dispose\Dispose.csproj", "{6E10EC5E-5800-481C-AA78-47A5659B9DFD}"
EndProject
Project("{9A19103F-16F7-4668-BE54-9A1E7A4F7556}") = "Exceptions", "Assignments\Exceptions\Exceptions.csproj", "{F07F2D8F-765D-48EA-AAEC-D99C62CE167D}"
EndProject
Project("{9A19103F-16F7-4668-BE54-9A1E7A4F7556}") = "Finalization", "Assignments\Finalization\Finalization.csproj", "{E1CEA883-D69A-45A6-950D-F3F3B71C48DF}"
EndProject
Project("{9A19103F-16F7-4668-BE54-9A1E7A4F7556}") = "ForVsForeach", "Assignments\ForVsForeach\ForVsForeach.csproj", "{4DAE6D8B-C13F-499E-9070-77A65B09A68A}"
EndProject
Project("{9A19103F-16F7-4668-BE54-9A1E7A4F7556}") = "GenerationZero", "Assignments\GenerationZero\GenerationZero.csproj", "{DECF89F1-17B7-45B3-8EAB-6E8C404EE9A7}"
EndProject
Project("{9A19103F-16F7-4668-BE54-9A1E7A4F7556}") = "Instantiation", "Assignments\Instantiation\Instantiation.csproj", "{5390C932-DFDA-481B-B656-41D1134A6465}"
EndProject
Project("{9A19103F-16F7-4668-BE54-9A1E7A4F7556}") = "ListVsArray", "Assignments\ListVsArray\ListVsArray.csproj", "{D1B154AA-7049-4426-B916-BB3C0F03F466}"
EndProject
Project("{9A19103F-16F7-4668-BE54-9A1E7A4F7556}") = "ObjectPool", "Assignments\ObjectPool\ObjectPool.csproj", "{92C3D53E-1A2C-49D0-95EC-25740E3BF822}"
EndProject
Project("{9A19103F-16F7-4668-BE54-9A1E7A4F7556}") = "Pointers", "Assignments\Pointers\Pointers.csproj", "{DC03D23D-565E-4D54-84AB-3B4C07FC8128}"
EndProject
Project("{9A19103F-16F7-4668-BE54-9A1E7A4F7556}") = "StringVsStringBuilder", "Assignments\StringVsStringBuilder\StringVsStringBuilder.csproj", "{A69F79FF-2990-4887-8E37-ECAC9D511725}"
EndProject
Project("{9A19103F-16F7-4668-BE54-9A1E7A4F7556}") = "StructsVsClasses", "Assignments\StructsVsClasses\StructsVsClasses.csproj", "{6FF3FE07-FE67-496A-AEB6-E72152E89183}"
EndProject
Project("{2150E333-8FDC-42A3-9474-1A3956D46DE8}") = "Fundamentals", "Fundamentals", "{AE39E1B6-0B62-43D3-B60A-A1A79DA4EC50}"
EndProject
Project("{9A19103F-16F7-4668-BE54-9A1E7A4F7556}") = "BoxingUnboxing", "Fundamentals\BoxingUnboxing\BoxingUnboxing.csproj", "{AA3653B0-3A1A-4FCD-A22F-C52A898B7130}"
EndProject
Project("{9A19103F-16F7-4668-BE54-9A1E7A4F7556}") = "ImmutableStrings", "Fundamentals\ImmutableStrings\ImmutableStrings.csproj", "{4CA46B38-0A5B-408D-9FBC-F4C82D40E832}"
EndProject
Project("{9A19103F-16F7-4668-BE54-9A1E7A4F7556}") = "IntermediateLanguage", "Fundamentals\IntermediateLanguage\IntermediateLanguage.csproj", "{38B57ACD-62A6-4D09-A958-F8656A01299A}"
EndProject
Project("{9A19103F-16F7-4668-BE54-9A1E7A4F7556}") = "StackMemory", "Fundamentals\StackMemory\StackMemory.csproj", "{82A19DE7-9545-4644-BFAE-87B0DEA75A80}"
EndProject
Project("{2150E333-8FDC-42A3-9474-1A3956D46DE8}") = "Solutions", "Solutions", "{0ED4517E-76BD-41BE-B0D4-938C9150FCC2}"
EndProject
Project("{9A19103F-16F7-4668-BE54-9A1E7A4F7556}") = "Arrays", "Solutions\Arrays\Arrays.csproj", "{248B0FF9-1BD4-4AD1-A007-5F1010A5AD4A}"
EndProject
Project("{9A19103F-16F7-4668-BE54-9A1E7A4F7556}") = "AvoidBoxing", "Solutions\AvoidBoxing\AvoidBoxing.csproj", "{5116066E-2225-40F4-A6EE-94092C972832}"
EndProject
Project("{9A19103F-16F7-4668-BE54-9A1E7A4F7556}") = "Caching", "Solutions\Caching\Caching.csproj", "{6E88618E-39AC-486A-8CAD-5F7008E1983B}"
EndProject
Project("{9A19103F-16F7-4668-BE54-9A1E7A4F7556}") = "CopyMemory", "Solutions\CopyMemory\CopyMemory.csproj", "{7640E41A-F346-4867-9A31-5EC8B2F68961}"
EndProject
Project("{9A19103F-16F7-4668-BE54-9A1E7A4F7556}") = "Delegates", "Solutions\Delegates\Delegates.csproj", "{E3D6E9B9-65DC-4CE7-8733-C2426C26FAA5}"
EndProject
Project("{9A19103F-16F7-4668-BE54-9A1E7A4F7556}") = "Dispose", "Solutions\Dispose\Dispose.csproj", "{81B06719-D9C3-41ED-B30F-3607EF424FCF}"
EndProject
Project("{9A19103F-16F7-4668-BE54-9A1E7A4F7556}") = "Exceptions", "Solutions\Exceptions\Exceptions.csproj", "{4382CCD0-F744-4E17-9EC4-F7E3A28D1C9F}"
EndProject
Project("{9A19103F-16F7-4668-BE54-9A1E7A4F7556}") = "Finalization", "Solutions\Finalization\Finalization.csproj", "{79AD44CD-EE2C-465E-BC45-CAE7B651B9A3}"
EndProject
Project("{9A19103F-16F7-4668-BE54-9A1E7A4F7556}") = "ForVsForeach", "Solutions\ForVsForeach\ForVsForeach.csproj", "{06242470-35F7-4615-AE13-5FF29B1382DF}"
EndProject
Project("{9A19103F-16F7-4668-BE54-9A1E7A4F7556}") = "GenerationZero", "Solutions\GenerationZero\GenerationZero.csproj", "{3357AE25-582D-4275-99E6-CEE688919A19}"
EndProject
Project("{9A19103F-16F7-4668-BE54-9A1E7A4F7556}") = "Instantiation", "Solutions\Instantiation\Instantiation.csproj", "{010BB688-02F4-47DB-AC16-69E439ADACD2}"
EndProject
Project("{9A19103F-16F7-4668-BE54-9A1E7A4F7556}") = "ListVsArray", "Solutions\ListVsArray\ListVsArray.csproj", "{AF42EA0C-D3EB-4C2B-92FC-D924FF64AC29}"
EndProject
Project("{9A19103F-16F7-4668-BE54-9A1E7A4F7556}") = "ObjectPool", "Solutions\ObjectPool\ObjectPool.csproj", "{930EFB31-8572-4B4E-B3E7-81FC41C01EA5}"
EndProject
Project("{9A19103F-16F7-4668-BE54-9A1E7A4F7556}") = "Pointers", "Solutions\Pointers\Pointers.csproj", "{12993F00-A656-4DFD-B164-54AB5EE18C31}"
EndProject
Project("{9A19103F-16F7-4668-BE54-9A1E7A4F7556}") = "StringVsStringBuilder", "Solutions\StringVsStringBuilder\StringVsStringBuilder.csproj", "{14B49F10-4D85-48E5-8588-CA72B3191B64}"
EndProject
Project("{9A19103F-16F7-4668-BE54-9A1E7A4F7556}") = "StructsVsClasses", "Solutions\StructsVsClasses\StructsVsClasses.csproj", "{15129510-2FA2-40DA-AE1A-DA82A55988B9}"
EndProject
Global
	GlobalSection(SolutionConfigurationPlatforms) = preSolution
		Debug|Any CPU = Debug|Any CPU
		Release|Any CPU = Release|Any CPU
	EndGlobalSection
	GlobalSection(ProjectConfigurationPlatforms) = postSolution
		{5D5D6A08-106F-4E66-82A9-940E03828DB5}.Debug|Any CPU.ActiveCfg = Debug|Any CPU
		{5D5D6A08-106F-4E66-82A9-940E03828DB5}.Debug|Any CPU.Build.0 = Debug|Any CPU
		{5D5D6A08-106F-4E66-82A9-940E03828DB5}.Release|Any CPU.ActiveCfg = Release|Any CPU
		{5D5D6A08-106F-4E66-82A9-940E03828DB5}.Release|Any CPU.Build.0 = Release|Any CPU
		{49095393-34F9-43B6-A565-D26FBCCB2C6A}.Debug|Any CPU.ActiveCfg = Debug|Any CPU
		{49095393-34F9-43B6-A565-D26FBCCB2C6A}.Debug|Any CPU.Build.0 = Debug|Any CPU
		{49095393-34F9-43B6-A565-D26FBCCB2C6A}.Release|Any CPU.ActiveCfg = Release|Any CPU
		{49095393-34F9-43B6-A565-D26FBCCB2C6A}.Release|Any CPU.Build.0 = Release|Any CPU
		{40AB0974-C6E4-41C4-A6DD-5F3E1C9E2D69}.Debug|Any CPU.ActiveCfg = Debug|Any CPU
		{40AB0974-C6E4-41C4-A6DD-5F3E1C9E2D69}.Debug|Any CPU.Build.0 = Debug|Any CPU
		{40AB0974-C6E4-41C4-A6DD-5F3E1C9E2D69}.Release|Any CPU.ActiveCfg = Release|Any CPU
		{40AB0974-C6E4-41C4-A6DD-5F3E1C9E2D69}.Release|Any CPU.Build.0 = Release|Any CPU
		{FC0B8E3B-E500-417C-AB3E-FEE5A3FE4F7A}.Debug|Any CPU.ActiveCfg = Debug|Any CPU
		{FC0B8E3B-E500-417C-AB3E-FEE5A3FE4F7A}.Debug|Any CPU.Build.0 = Debug|Any CPU
		{FC0B8E3B-E500-417C-AB3E-FEE5A3FE4F7A}.Release|Any CPU.ActiveCfg = Release|Any CPU
		{FC0B8E3B-E500-417C-AB3E-FEE5A3FE4F7A}.Release|Any CPU.Build.0 = Release|Any CPU
		{B7404580-41ED-4548-A87E-4D8B8EFFA179}.Debug|Any CPU.ActiveCfg = Debug|Any CPU
		{B7404580-41ED-4548-A87E-4D8B8EFFA179}.Debug|Any CPU.Build.0 = Debug|Any CPU
		{B7404580-41ED-4548-A87E-4D8B8EFFA179}.Release|Any CPU.ActiveCfg = Release|Any CPU
		{B7404580-41ED-4548-A87E-4D8B8EFFA179}.Release|Any CPU.Build.0 = Release|Any CPU
		{6E10EC5E-5800-481C-AA78-47A5659B9DFD}.Debug|Any CPU.ActiveCfg = Debug|Any CPU
		{6E10EC5E-5800-481C-AA78-47A5659B9DFD}.Debug|Any CPU.Build.0 = Debug|Any CPU
		{6E10EC5E-5800-481C-AA78-47A5659B9DFD}.Release|Any CPU.ActiveCfg = Release|Any CPU
		{6E10EC5E-5800-481C-AA78-47A5659B9DFD}.Release|Any CPU.Build.0 = Release|Any CPU
		{F07F2D8F-765D-48EA-AAEC-D99C62CE167D}.Debug|Any CPU.ActiveCfg = Debug|Any CPU
		{F07F2D8F-765D-48EA-AAEC-D99C62CE167D}.Debug|Any CPU.Build.0 = Debug|Any CPU
		{F07F2D8F-765D-48EA-AAEC-D99C62CE167D}.Release|Any CPU.ActiveCfg = Release|Any CPU
		{F07F2D8F-765D-48EA-AAEC-D99C62CE167D}.Release|Any CPU.Build.0 = Release|Any CPU
		{E1CEA883-D69A-45A6-950D-F3F3B71C48DF}.Debug|Any CPU.ActiveCfg = Debug|Any CPU
		{E1CEA883-D69A-45A6-950D-F3F3B71C48DF}.Debug|Any CPU.Build.0 = Debug|Any CPU
		{E1CEA883-D69A-45A6-950D-F3F3B71C48DF}.Release|Any CPU.ActiveCfg = Release|Any CPU
		{E1CEA883-D69A-45A6-950D-F3F3B71C48DF}.Release|Any CPU.Build.0 = Release|Any CPU
		{4DAE6D8B-C13F-499E-9070-77A65B09A68A}.Debug|Any CPU.ActiveCfg = Debug|Any CPU
		{4DAE6D8B-C13F-499E-9070-77A65B09A68A}.Debug|Any CPU.Build.0 = Debug|Any CPU
		{4DAE6D8B-C13F-499E-9070-77A65B09A68A}.Release|Any CPU.ActiveCfg = Release|Any CPU
		{4DAE6D8B-C13F-499E-9070-77A65B09A68A}.Release|Any CPU.Build.0 = Release|Any CPU
		{DECF89F1-17B7-45B3-8EAB-6E8C404EE9A7}.Debug|Any CPU.ActiveCfg = Debug|Any CPU
		{DECF89F1-17B7-45B3-8EAB-6E8C404EE9A7}.Debug|Any CPU.Build.0 = Debug|Any CPU
		{DECF89F1-17B7-45B3-8EAB-6E8C404EE9A7}.Release|Any CPU.ActiveCfg = Release|Any CPU
		{DECF89F1-17B7-45B3-8EAB-6E8C404EE9A7}.Release|Any CPU.Build.0 = Release|Any CPU
		{5390C932-DFDA-481B-B656-41D1134A6465}.Debug|Any CPU.ActiveCfg = Debug|Any CPU
		{5390C932-DFDA-481B-B656-41D1134A6465}.Debug|Any CPU.Build.0 = Debug|Any CPU
		{5390C932-DFDA-481B-B656-41D1134A6465}.Release|Any CPU.ActiveCfg = Release|Any CPU
		{5390C932-DFDA-481B-B656-41D1134A6465}.Release|Any CPU.Build.0 = Release|Any CPU
		{D1B154AA-7049-4426-B916-BB3C0F03F466}.Debug|Any CPU.ActiveCfg = Debug|Any CPU
		{D1B154AA-7049-4426-B916-BB3C0F03F466}.Debug|Any CPU.Build.0 = Debug|Any CPU
		{D1B154AA-7049-4426-B916-BB3C0F03F466}.Release|Any CPU.ActiveCfg = Release|Any CPU
		{D1B154AA-7049-4426-B916-BB3C0F03F466}.Release|Any CPU.Build.0 = Release|Any CPU
		{92C3D53E-1A2C-49D0-95EC-25740E3BF822}.Debug|Any CPU.ActiveCfg = Debug|Any CPU
		{92C3D53E-1A2C-49D0-95EC-25740E3BF822}.Debug|Any CPU.Build.0 = Debug|Any CPU
		{92C3D53E-1A2C-49D0-95EC-25740E3BF822}.Release|Any CPU.ActiveCfg = Release|Any CPU
		{92C3D53E-1A2C-49D0-95EC-25740E3BF822}.Release|Any CPU.Build.0 = Release|Any CPU
		{DC03D23D-565E-4D54-84AB-3B4C07FC8128}.Debug|Any CPU.ActiveCfg = Debug|Any CPU
		{DC03D23D-565E-4D54-84AB-3B4C07FC8128}.Debug|Any CPU.Build.0 = Debug|Any CPU
		{DC03D23D-565E-4D54-84AB-3B4C07FC8128}.Release|Any CPU.ActiveCfg = Release|Any CPU
		{DC03D23D-565E-4D54-84AB-3B4C07FC8128}.Release|Any CPU.Build.0 = Release|Any CPU
		{A69F79FF-2990-4887-8E37-ECAC9D511725}.Debug|Any CPU.ActiveCfg = Debug|Any CPU
		{A69F79FF-2990-4887-8E37-ECAC9D511725}.Debug|Any CPU.Build.0 = Debug|Any CPU
		{A69F79FF-2990-4887-8E37-ECAC9D511725}.Release|Any CPU.ActiveCfg = Release|Any CPU
		{A69F79FF-2990-4887-8E37-ECAC9D511725}.Release|Any CPU.Build.0 = Release|Any CPU
		{6FF3FE07-FE67-496A-AEB6-E72152E89183}.Debug|Any CPU.ActiveCfg = Debug|Any CPU
		{6FF3FE07-FE67-496A-AEB6-E72152E89183}.Debug|Any CPU.Build.0 = Debug|Any CPU
		{6FF3FE07-FE67-496A-AEB6-E72152E89183}.Release|Any CPU.ActiveCfg = Release|Any CPU
		{6FF3FE07-FE67-496A-AEB6-E72152E89183}.Release|Any CPU.Build.0 = Release|Any CPU
		{AA3653B0-3A1A-4FCD-A22F-C52A898B7130}.Debug|Any CPU.ActiveCfg = Debug|Any CPU
		{AA3653B0-3A1A-4FCD-A22F-C52A898B7130}.Debug|Any CPU.Build.0 = Debug|Any CPU
		{AA3653B0-3A1A-4FCD-A22F-C52A898B7130}.Release|Any CPU.ActiveCfg = Release|Any CPU
		{AA3653B0-3A1A-4FCD-A22F-C52A898B7130}.Release|Any CPU.Build.0 = Release|Any CPU
		{4CA46B38-0A5B-408D-9FBC-F4C82D40E832}.Debug|Any CPU.ActiveCfg = Debug|Any CPU
		{4CA46B38-0A5B-408D-9FBC-F4C82D40E832}.Debug|Any CPU.Build.0 = Debug|Any CPU
		{4CA46B38-0A5B-408D-9FBC-F4C82D40E832}.Release|Any CPU.ActiveCfg = Release|Any CPU
		{4CA46B38-0A5B-408D-9FBC-F4C82D40E832}.Release|Any CPU.Build.0 = Release|Any CPU
		{38B57ACD-62A6-4D09-A958-F8656A01299A}.Debug|Any CPU.ActiveCfg = Debug|Any CPU
		{38B57ACD-62A6-4D09-A958-F8656A01299A}.Debug|Any CPU.Build.0 = Debug|Any CPU
		{38B57ACD-62A6-4D09-A958-F8656A01299A}.Release|Any CPU.ActiveCfg = Release|Any CPU
		{38B57ACD-62A6-4D09-A958-F8656A01299A}.Release|Any CPU.Build.0 = Release|Any CPU
		{82A19DE7-9545-4644-BFAE-87B0DEA75A80}.Debug|Any CPU.ActiveCfg = Debug|Any CPU
		{82A19DE7-9545-4644-BFAE-87B0DEA75A80}.Debug|Any CPU.Build.0 = Debug|Any CPU
		{82A19DE7-9545-4644-BFAE-87B0DEA75A80}.Release|Any CPU.ActiveCfg = Release|Any CPU
		{82A19DE7-9545-4644-BFAE-87B0DEA75A80}.Release|Any CPU.Build.0 = Release|Any CPU
		{248B0FF9-1BD4-4AD1-A007-5F1010A5AD4A}.Debug|Any CPU.ActiveCfg = Debug|Any CPU
		{248B0FF9-1BD4-4AD1-A007-5F1010A5AD4A}.Debug|Any CPU.Build.0 = Debug|Any CPU
		{248B0FF9-1BD4-4AD1-A007-5F1010A5AD4A}.Release|Any CPU.ActiveCfg = Release|Any CPU
		{248B0FF9-1BD4-4AD1-A007-5F1010A5AD4A}.Release|Any CPU.Build.0 = Release|Any CPU
		{5116066E-2225-40F4-A6EE-94092C972832}.Debug|Any CPU.ActiveCfg = Debug|Any CPU
		{5116066E-2225-40F4-A6EE-94092C972832}.Debug|Any CPU.Build.0 = Debug|Any CPU
		{5116066E-2225-40F4-A6EE-94092C972832}.Release|Any CPU.ActiveCfg = Release|Any CPU
		{5116066E-2225-40F4-A6EE-94092C972832}.Release|Any CPU.Build.0 = Release|Any CPU
		{6E88618E-39AC-486A-8CAD-5F7008E1983B}.Debug|Any CPU.ActiveCfg = Debug|Any CPU
		{6E88618E-39AC-486A-8CAD-5F7008E1983B}.Debug|Any CPU.Build.0 = Debug|Any CPU
		{6E88618E-39AC-486A-8CAD-5F7008E1983B}.Release|Any CPU.ActiveCfg = Release|Any CPU
		{6E88618E-39AC-486A-8CAD-5F7008E1983B}.Release|Any CPU.Build.0 = Release|Any CPU
		{7640E41A-F346-4867-9A31-5EC8B2F68961}.Debug|Any CPU.ActiveCfg = Debug|Any CPU
		{7640E41A-F346-4867-9A31-5EC8B2F68961}.Debug|Any CPU.Build.0 = Debug|Any CPU
		{7640E41A-F346-4867-9A31-5EC8B2F68961}.Release|Any CPU.ActiveCfg = Release|Any CPU
		{7640E41A-F346-4867-9A31-5EC8B2F68961}.Release|Any CPU.Build.0 = Release|Any CPU
		{E3D6E9B9-65DC-4CE7-8733-C2426C26FAA5}.Debug|Any CPU.ActiveCfg = Debug|Any CPU
		{E3D6E9B9-65DC-4CE7-8733-C2426C26FAA5}.Debug|Any CPU.Build.0 = Debug|Any CPU
		{E3D6E9B9-65DC-4CE7-8733-C2426C26FAA5}.Release|Any CPU.ActiveCfg = Release|Any CPU
		{E3D6E9B9-65DC-4CE7-8733-C2426C26FAA5}.Release|Any CPU.Build.0 = Release|Any CPU
		{81B06719-D9C3-41ED-B30F-3607EF424FCF}.Debug|Any CPU.ActiveCfg = Debug|Any CPU
		{81B06719-D9C3-41ED-B30F-3607EF424FCF}.Debug|Any CPU.Build.0 = Debug|Any CPU
		{81B06719-D9C3-41ED-B30F-3607EF424FCF}.Release|Any CPU.ActiveCfg = Release|Any CPU
		{81B06719-D9C3-41ED-B30F-3607EF424FCF}.Release|Any CPU.Build.0 = Release|Any CPU
		{4382CCD0-F744-4E17-9EC4-F7E3A28D1C9F}.Debug|Any CPU.ActiveCfg = Debug|Any CPU
		{4382CCD0-F744-4E17-9EC4-F7E3A28D1C9F}.Debug|Any CPU.Build.0 = Debug|Any CPU
		{4382CCD0-F744-4E17-9EC4-F7E3A28D1C9F}.Release|Any CPU.ActiveCfg = Release|Any CPU
		{4382CCD0-F744-4E17-9EC4-F7E3A28D1C9F}.Release|Any CPU.Build.0 = Release|Any CPU
		{79AD44CD-EE2C-465E-BC45-CAE7B651B9A3}.Debug|Any CPU.ActiveCfg = Debug|Any CPU
		{79AD44CD-EE2C-465E-BC45-CAE7B651B9A3}.Debug|Any CPU.Build.0 = Debug|Any CPU
		{79AD44CD-EE2C-465E-BC45-CAE7B651B9A3}.Release|Any CPU.ActiveCfg = Release|Any CPU
		{79AD44CD-EE2C-465E-BC45-CAE7B651B9A3}.Release|Any CPU.Build.0 = Release|Any CPU
		{06242470-35F7-4615-AE13-5FF29B1382DF}.Debug|Any CPU.ActiveCfg = Debug|Any CPU
		{06242470-35F7-4615-AE13-5FF29B1382DF}.Debug|Any CPU.Build.0 = Debug|Any CPU
		{06242470-35F7-4615-AE13-5FF29B1382DF}.Release|Any CPU.ActiveCfg = Release|Any CPU
		{06242470-35F7-4615-AE13-5FF29B1382DF}.Release|Any CPU.Build.0 = Release|Any CPU
		{3357AE25-582D-4275-99E6-CEE688919A19}.Debug|Any CPU.ActiveCfg = Debug|Any CPU
		{3357AE25-582D-4275-99E6-CEE688919A19}.Debug|Any CPU.Build.0 = Debug|Any CPU
		{3357AE25-582D-4275-99E6-CEE688919A19}.Release|Any CPU.ActiveCfg = Release|Any CPU
		{3357AE25-582D-4275-99E6-CEE688919A19}.Release|Any CPU.Build.0 = Release|Any CPU
		{010BB688-02F4-47DB-AC16-69E439ADACD2}.Debug|Any CPU.ActiveCfg = Debug|Any CPU
		{010BB688-02F4-47DB-AC16-69E439ADACD2}.Debug|Any CPU.Build.0 = Debug|Any CPU
		{010BB688-02F4-47DB-AC16-69E439ADACD2}.Release|Any CPU.ActiveCfg = Release|Any CPU
		{010BB688-02F4-47DB-AC16-69E439ADACD2}.Release|Any CPU.Build.0 = Release|Any CPU
		{AF42EA0C-D3EB-4C2B-92FC-D924FF64AC29}.Debug|Any CPU.ActiveCfg = Debug|Any CPU
		{AF42EA0C-D3EB-4C2B-92FC-D924FF64AC29}.Debug|Any CPU.Build.0 = Debug|Any CPU
		{AF42EA0C-D3EB-4C2B-92FC-D924FF64AC29}.Release|Any CPU.ActiveCfg = Release|Any CPU
		{AF42EA0C-D3EB-4C2B-92FC-D924FF64AC29}.Release|Any CPU.Build.0 = Release|Any CPU
		{930EFB31-8572-4B4E-B3E7-81FC41C01EA5}.Debug|Any CPU.ActiveCfg = Debug|Any CPU
		{930EFB31-8572-4B4E-B3E7-81FC41C01EA5}.Debug|Any CPU.Build.0 = Debug|Any CPU
		{930EFB31-8572-4B4E-B3E7-81FC41C01EA5}.Release|Any CPU.ActiveCfg = Release|Any CPU
		{930EFB31-8572-4B4E-B3E7-81FC41C01EA5}.Release|Any CPU.Build.0 = Release|Any CPU
		{12993F00-A656-4DFD-B164-54AB5EE18C31}.Debug|Any CPU.ActiveCfg = Debug|Any CPU
		{12993F00-A656-4DFD-B164-54AB5EE18C31}.Debug|Any CPU.Build.0 = Debug|Any CPU
		{12993F00-A656-4DFD-B164-54AB5EE18C31}.Release|Any CPU.ActiveCfg = Release|Any CPU
		{12993F00-A656-4DFD-B164-54AB5EE18C31}.Release|Any CPU.Build.0 = Release|Any CPU
		{14B49F10-4D85-48E5-8588-CA72B3191B64}.Debug|Any CPU.ActiveCfg = Debug|Any CPU
		{14B49F10-4D85-48E5-8588-CA72B3191B64}.Debug|Any CPU.Build.0 = Debug|Any CPU
		{14B49F10-4D85-48E5-8588-CA72B3191B64}.Release|Any CPU.ActiveCfg = Release|Any CPU
		{14B49F10-4D85-48E5-8588-CA72B3191B64}.Release|Any CPU.Build.0 = Release|Any CPU
		{15129510-2FA2-40DA-AE1A-DA82A55988B9}.Debug|Any CPU.ActiveCfg = Debug|Any CPU
		{15129510-2FA2-40DA-AE1A-DA82A55988B9}.Debug|Any CPU.Build.0 = Debug|Any CPU
		{15129510-2FA2-40DA-AE1A-DA82A55988B9}.Release|Any CPU.ActiveCfg = Release|Any CPU
		{15129510-2FA2-40DA-AE1A-DA82A55988B9}.Release|Any CPU.Build.0 = Release|Any CPU
	EndGlobalSection
	GlobalSection(SolutionProperties) = preSolution
		HideSolutionNode = FALSE
	EndGlobalSection
	GlobalSection(NestedProjects) = preSolution
		{5D5D6A08-106F-4E66-82A9-940E03828DB5} = {EA0C9B2B-1CF5-4D01-94C7-5CDF7A92420C}
		{49095393-34F9-43B6-A565-D26FBCCB2C6A} = {EA0C9B2B-1CF5-4D01-94C7-5CDF7A92420C}
		{40AB0974-C6E4-41C4-A6DD-5F3E1C9E2D69} = {EA0C9B2B-1CF5-4D01-94C7-5CDF7A92420C}
		{FC0B8E3B-E500-417C-AB3E-FEE5A3FE4F7A} = {EA0C9B2B-1CF5-4D01-94C7-5CDF7A92420C}
		{B7404580-41ED-4548-A87E-4D8B8EFFA179} = {EA0C9B2B-1CF5-4D01-94C7-5CDF7A92420C}
		{6E10EC5E-5800-481C-AA78-47A5659B9DFD} = {EA0C9B2B-1CF5-4D01-94C7-5CDF7A92420C}
		{F07F2D8F-765D-48EA-AAEC-D99C62CE167D} = {EA0C9B2B-1CF5-4D01-94C7-5CDF7A92420C}
		{E1CEA883-D69A-45A6-950D-F3F3B71C48DF} = {EA0C9B2B-1CF5-4D01-94C7-5CDF7A92420C}
		{4DAE6D8B-C13F-499E-9070-77A65B09A68A} = {EA0C9B2B-1CF5-4D01-94C7-5CDF7A92420C}
		{DECF89F1-17B7-45B3-8EAB-6E8C404EE9A7} = {EA0C9B2B-1CF5-4D01-94C7-5CDF7A92420C}
		{5390C932-DFDA-481B-B656-41D1134A6465} = {EA0C9B2B-1CF5-4D01-94C7-5CDF7A92420C}
		{D1B154AA-7049-4426-B916-BB3C0F03F466} = {EA0C9B2B-1CF5-4D01-94C7-5CDF7A92420C}
		{92C3D53E-1A2C-49D0-95EC-25740E3BF822} = {EA0C9B2B-1CF5-4D01-94C7-5CDF7A92420C}
		{DC03D23D-565E-4D54-84AB-3B4C07FC8128} = {EA0C9B2B-1CF5-4D01-94C7-5CDF7A92420C}
		{A69F79FF-2990-4887-8E37-ECAC9D511725} = {EA0C9B2B-1CF5-4D01-94C7-5CDF7A92420C}
		{6FF3FE07-FE67-496A-AEB6-E72152E89183} = {EA0C9B2B-1CF5-4D01-94C7-5CDF7A92420C}
		{AA3653B0-3A1A-4FCD-A22F-C52A898B7130} = {AE39E1B6-0B62-43D3-B60A-A1A79DA4EC50}
		{4CA46B38-0A5B-408D-9FBC-F4C82D40E832} = {AE39E1B6-0B62-43D3-B60A-A1A79DA4EC50}
		{38B57ACD-62A6-4D09-A958-F8656A01299A} = {AE39E1B6-0B62-43D3-B60A-A1A79DA4EC50}
		{82A19DE7-9545-4644-BFAE-87B0DEA75A80} = {AE39E1B6-0B62-43D3-B60A-A1A79DA4EC50}
		{248B0FF9-1BD4-4AD1-A007-5F1010A5AD4A} = {0ED4517E-76BD-41BE-B0D4-938C9150FCC2}
		{5116066E-2225-40F4-A6EE-94092C972832} = {0ED4517E-76BD-41BE-B0D4-938C9150FCC2}
		{6E88618E-39AC-486A-8CAD-5F7008E1983B} = {0ED4517E-76BD-41BE-B0D4-938C9150FCC2}
		{7640E41A-F346-4867-9A31-5EC8B2F68961} = {0ED4517E-76BD-41BE-B0D4-938C9150FCC2}
		{E3D6E9B9-65DC-4CE7-8733-C2426C26FAA5} = {0ED4517E-76BD-41BE-B0D4-938C9150FCC2}
		{81B06719-D9C3-41ED-B30F-3607EF424FCF} = {0ED4517E-76BD-41BE-B0D4-938C9150FCC2}
		{4382CCD0-F744-4E17-9EC4-F7E3A28D1C9F} = {0ED4517E-76BD-41BE-B0D4-938C9150FCC2}
		{79AD44CD-EE2C-465E-BC45-CAE7B651B9A3} = {0ED4517E-76BD-41BE-B0D4-938C9150FCC2}
		{06242470-35F7-4615-AE13-5FF29B1382DF} = {0ED4517E-76BD-41BE-B0D4-938C9150FCC2}
		{3357AE25-582D-4275-99E6-CEE688919A19} = {0ED4517E-76BD-41BE-B0D4-938C9150FCC2}
		{010BB688-02F4-47DB-AC16-69E439ADACD2} = {0ED4517E-76BD-41BE-B0D4-938C9150FCC2}
		{AF42EA0C-D3EB-4C2B-92FC-D924FF64AC29} = {0ED4517E-76BD-41BE-B0D4-938C9150FCC2}
		{930EFB31-8572-4B4E-B3E7-81FC41C01EA5} = {0ED4517E-76BD-41BE-B0D4-938C9150FCC2}
		{12993F00-A656-4DFD-B164-54AB5EE18C31} = {0ED4517E-76BD-41BE-B0D4-938C9150FCC2}
		{14B49F10-4D85-48E5-8588-CA72B3191B64} = {0ED4517E-76BD-41BE-B0D4-938C9150FCC2}
		{15129510-2FA2-40DA-AE1A-DA82A55988B9} = {0ED4517E-76BD-41BE-B0D4-938C9150FCC2}
	EndGlobalSection
	GlobalSection(ExtensibilityGlobals) = postSolution
		SolutionGuid = {7AF05821-AFE9-4AAE-8E5F-03ED83EAFA04}
	EndGlobalSection
EndGlobal
